
Microsoft Visual Studio Solution File, Format Version 12.00
# Visual Studio 15
VisualStudioVersion = 15.0.28010.2003
MinimumVisualStudioVersion = 10.0.40219.1
Project("{535C04D7-A2A5-47C7-83E0-B340A995CD1F}") = "IndexedFile", "IndexedFile\IndexedFile.cblproj", "{CCFDEEA7-8875-4D90-9D81-7FDF77066014}"
EndProject
Global
	GlobalSection(SolutionConfigurationPlatforms) = preSolution
		Debug|Any CPU = Debug|Any CPU
		Release|Any CPU = Release|Any CPU
	EndGlobalSection
	GlobalSection(ProjectConfigurationPlatforms) = postSolution
		{CCFDEEA7-8875-4D90-9D81-7FDF77066014}.Debug|Any CPU.ActiveCfg = Debug|Any CPU
		{CCFDEEA7-8875-4D90-9D81-7FDF77066014}.Debug|Any CPU.Build.0 = Debug|Any CPU
		{CCFDEEA7-8875-4D90-9D81-7FDF77066014}.Release|Any CPU.ActiveCfg = Release|Any CPU
		{CCFDEEA7-8875-4D90-9D81-7FDF77066014}.Release|Any CPU.Build.0 = Release|Any CPU
	EndGlobalSection
	GlobalSection(SolutionProperties) = preSolution
		HideSolutionNode = FALSE
	EndGlobalSection
	GlobalSection(ExtensibilityGlobals) = postSolution
		SolutionGuid = {C238E654-DF46-4406-8409-EFE7D7AA3A28}
	EndGlobalSection
EndGlobal
